
Microsoft Visual Studio Solution File, Format Version 12.00
# Visual Studio 15
VisualStudioVersion = 15.0.28010.2048
MinimumVisualStudioVersion = 10.0.40219.1
Project("{9A19103F-16F7-4668-BE54-9A1E7A4F7556}") = "ServerlessApp", "ServerlessApp\ServerlessApp.csproj", "{9A58B616-83FC-47EC-AA88-8FE748A17BE7}"
EndProject
Project("{9A19103F-16F7-4668-BE54-9A1E7A4F7556}") = "eShop", "eShop\eShop.csproj", "{737A7EF1-AC9D-488B-BA61-EB1F3A6906C5}"
EndProject
Global
	GlobalSection(SolutionConfigurationPlatforms) = preSolution
		Debug|Any CPU = Debug|Any CPU
		Release|Any CPU = Release|Any CPU
	EndGlobalSection
	GlobalSection(ProjectConfigurationPlatforms) = postSolution
		{9A58B616-83FC-47EC-AA88-8FE748A17BE7}.Debug|Any CPU.ActiveCfg = Debug|Any CPU
		{9A58B616-83FC-47EC-AA88-8FE748A17BE7}.Debug|Any CPU.Build.0 = Debug|Any CPU
		{9A58B616-83FC-47EC-AA88-8FE748A17BE7}.Release|Any CPU.ActiveCfg = Release|Any CPU
		{9A58B616-83FC-47EC-AA88-8FE748A17BE7}.Release|Any CPU.Build.0 = Release|Any CPU
		{737A7EF1-AC9D-488B-BA61-EB1F3A6906C5}.Debug|Any CPU.ActiveCfg = Debug|Any CPU
		{737A7EF1-AC9D-488B-BA61-EB1F3A6906C5}.Debug|Any CPU.Build.0 = Debug|Any CPU
		{737A7EF1-AC9D-488B-BA61-EB1F3A6906C5}.Release|Any CPU.ActiveCfg = Release|Any CPU
		{737A7EF1-AC9D-488B-BA61-EB1F3A6906C5}.Release|Any CPU.Build.0 = Release|Any CPU
	EndGlobalSection
	GlobalSection(SolutionProperties) = preSolution
		HideSolutionNode = FALSE
	EndGlobalSection
	GlobalSection(ExtensibilityGlobals) = postSolution
		SolutionGuid = {ED18B0E5-8AE0-4A86-8B14-23A36EC28872}
	EndGlobalSection
EndGlobal
